
Microsoft Visual Studio Solution File, Format Version 12.00
# Visual Studio Version 17
VisualStudioVersion = 17.5.33502.453
MinimumVisualStudioVersion = 10.0.40219.1
Project("{FAE04EC0-301F-11D3-BF4B-00C04F79EFBC}") = "DigitopiaQuest", "DigitopiaQuest.csproj", "{DCF43129-C9C9-479A-81BC-218744C74890}"
EndProject
Global
	GlobalSection(SolutionConfigurationPlatforms) = preSolution
		Debug|Any CPU = Debug|Any CPU
		Release|Any CPU = Release|Any CPU
	EndGlobalSection
	GlobalSection(ProjectConfigurationPlatforms) = postSolution
		{DCF43129-C9C9-479A-81BC-218744C74890}.Debug|Any CPU.ActiveCfg = Debug|Any CPU
		{DCF43129-C9C9-479A-81BC-218744C74890}.Debug|Any CPU.Build.0 = Debug|Any CPU
		{DCF43129-C9C9-479A-81BC-218744C74890}.Release|Any CPU.ActiveCfg = Release|Any CPU
		{DCF43129-C9C9-479A-81BC-218744C74890}.Release|Any CPU.Build.0 = Release|Any CPU
	EndGlobalSection
	GlobalSection(SolutionProperties) = preSolution
		HideSolutionNode = FALSE
	EndGlobalSection
	GlobalSection(ExtensibilityGlobals) = postSolution
		SolutionGuid = {2DA4112F-AE9E-49F2-9237-5B1532B6F669}
	EndGlobalSection
EndGlobal
